
Microsoft Visual Studio Solution File, Format Version 12.00
# Visual Studio Version 17
VisualStudioVersion = 17.5.001.0
MinimumVisualStudioVersion = 10.0.40219.1
Project("{9A19103F-16F7-4668-BE54-9A1E7A4F7556}") = "Proyect-mvc", "Proyect-mvc.csproj", "{B1665803-90FB-47C0-91C8-F53FC88881EC}"
EndProject
Global
	GlobalSection(SolutionConfigurationPlatforms) = preSolution
		Debug|Any CPU = Debug|Any CPU
		Release|Any CPU = Release|Any CPU
	EndGlobalSection
	GlobalSection(ProjectConfigurationPlatforms) = postSolution
		{B1665803-90FB-47C0-91C8-F53FC88881EC}.Debug|Any CPU.ActiveCfg = Debug|Any CPU
		{B1665803-90FB-47C0-91C8-F53FC88881EC}.Debug|Any CPU.Build.0 = Debug|Any CPU
		{B1665803-90FB-47C0-91C8-F53FC88881EC}.Release|Any CPU.ActiveCfg = Release|Any CPU
		{B1665803-90FB-47C0-91C8-F53FC88881EC}.Release|Any CPU.Build.0 = Release|Any CPU
	EndGlobalSection
	GlobalSection(SolutionProperties) = preSolution
		HideSolutionNode = FALSE
	EndGlobalSection
	GlobalSection(ExtensibilityGlobals) = postSolution
		SolutionGuid = {30C67932-1590-4078-9C8F-6ED93E526F9C}
	EndGlobalSection
EndGlobal
